
Microsoft Visual Studio Solution File, Format Version 12.00
# Visual Studio 15
VisualStudioVersion = 15.0.27004.2005
MinimumVisualStudioVersion = 10.0.40219.1
Project("{FAE04EC0-301F-11D3-BF4B-00C04F79EFBC}") = "MotsCache", "MotsCache\MotsCache.csproj", "{AB9DD58E-5EE9-4833-BDA7-E662B706CBAE}"
EndProject
Global
	GlobalSection(SolutionConfigurationPlatforms) = preSolution
		Debug|Any CPU = Debug|Any CPU
		Release|Any CPU = Release|Any CPU
	EndGlobalSection
	GlobalSection(ProjectConfigurationPlatforms) = postSolution
		{AB9DD58E-5EE9-4833-BDA7-E662B706CBAE}.Debug|Any CPU.ActiveCfg = Debug|Any CPU
		{AB9DD58E-5EE9-4833-BDA7-E662B706CBAE}.Debug|Any CPU.Build.0 = Debug|Any CPU
		{AB9DD58E-5EE9-4833-BDA7-E662B706CBAE}.Release|Any CPU.ActiveCfg = Release|Any CPU
		{AB9DD58E-5EE9-4833-BDA7-E662B706CBAE}.Release|Any CPU.Build.0 = Release|Any CPU
	EndGlobalSection
	GlobalSection(SolutionProperties) = preSolution
		HideSolutionNode = FALSE
	EndGlobalSection
	GlobalSection(ExtensibilityGlobals) = postSolution
		SolutionGuid = {BE00B425-ABAE-4098-B646-A1C80B701D5B}
	EndGlobalSection
EndGlobal
